
Microsoft Visual Studio Solution File, Format Version 12.00
# Visual Studio Version 17
VisualStudioVersion = 17.3.32929.385
MinimumVisualStudioVersion = 10.0.40219.1
Project("{FAE04EC0-301F-11D3-BF4B-00C04F79EFBC}") = "Medicio", "Medicio.csproj", "{61DE3FFB-21E7-4237-80CA-F1A8681986DA}"
EndProject
Project("{FAE04EC0-301F-11D3-BF4B-00C04F79EFBC}") = "Core", "..\Core\Core.csproj", "{0B4060E0-987C-477B-8FB9-C5A4DDCCF27B}"
EndProject
Project("{FAE04EC0-301F-11D3-BF4B-00C04F79EFBC}") = "Data", "..\Data\Data.csproj", "{12E4D473-A953-49B1-9C48-ACA834624F8F}"
EndProject
Project("{FAE04EC0-301F-11D3-BF4B-00C04F79EFBC}") = "Business", "..\Business\Business.csproj", "{58DC0233-0CA8-43F1-A860-4B8F7C968435}"
EndProject
Global
	GlobalSection(SolutionConfigurationPlatforms) = preSolution
		Debug|Any CPU = Debug|Any CPU
		Release|Any CPU = Release|Any CPU
	EndGlobalSection
	GlobalSection(ProjectConfigurationPlatforms) = postSolution
		{61DE3FFB-21E7-4237-80CA-F1A8681986DA}.Debug|Any CPU.ActiveCfg = Debug|Any CPU
		{61DE3FFB-21E7-4237-80CA-F1A8681986DA}.Debug|Any CPU.Build.0 = Debug|Any CPU
		{61DE3FFB-21E7-4237-80CA-F1A8681986DA}.Release|Any CPU.ActiveCfg = Release|Any CPU
		{61DE3FFB-21E7-4237-80CA-F1A8681986DA}.Release|Any CPU.Build.0 = Release|Any CPU
		{0B4060E0-987C-477B-8FB9-C5A4DDCCF27B}.Debug|Any CPU.ActiveCfg = Debug|Any CPU
		{0B4060E0-987C-477B-8FB9-C5A4DDCCF27B}.Debug|Any CPU.Build.0 = Debug|Any CPU
		{0B4060E0-987C-477B-8FB9-C5A4DDCCF27B}.Release|Any CPU.ActiveCfg = Release|Any CPU
		{0B4060E0-987C-477B-8FB9-C5A4DDCCF27B}.Release|Any CPU.Build.0 = Release|Any CPU
		{12E4D473-A953-49B1-9C48-ACA834624F8F}.Debug|Any CPU.ActiveCfg = Debug|Any CPU
		{12E4D473-A953-49B1-9C48-ACA834624F8F}.Debug|Any CPU.Build.0 = Debug|Any CPU
		{12E4D473-A953-49B1-9C48-ACA834624F8F}.Release|Any CPU.ActiveCfg = Release|Any CPU
		{12E4D473-A953-49B1-9C48-ACA834624F8F}.Release|Any CPU.Build.0 = Release|Any CPU
		{58DC0233-0CA8-43F1-A860-4B8F7C968435}.Debug|Any CPU.ActiveCfg = Debug|Any CPU
		{58DC0233-0CA8-43F1-A860-4B8F7C968435}.Debug|Any CPU.Build.0 = Debug|Any CPU
		{58DC0233-0CA8-43F1-A860-4B8F7C968435}.Release|Any CPU.ActiveCfg = Release|Any CPU
		{58DC0233-0CA8-43F1-A860-4B8F7C968435}.Release|Any CPU.Build.0 = Release|Any CPU
	EndGlobalSection
	GlobalSection(SolutionProperties) = preSolution
		HideSolutionNode = FALSE
	EndGlobalSection
	GlobalSection(ExtensibilityGlobals) = postSolution
		SolutionGuid = {396D91EA-6CA3-4D68-AC88-2069E0BD35D9}
	EndGlobalSection
EndGlobal
